
Microsoft Visual Studio Solution File, Format Version 12.00
# Visual Studio Version 16
VisualStudioVersion = 16.0.31005.135
MinimumVisualStudioVersion = 10.0.40219.1
Project("{9A19103F-16F7-4668-BE54-9A1E7A4F7556}") = "EssentialTraining", "EssentialTraining\EssentialTraining.csproj", "{2944137C-FA91-4ECD-B846-87B37CBCC198}"
EndProject
Project("{FAE04EC0-301F-11D3-BF4B-00C04F79EFBC}") = "EssentialTrainingTests", "EssentialTrainingTests\EssentialTrainingTests.csproj", "{FA9D4F3F-85F3-4CD9-86B6-93AC0C041D77}"
EndProject
Project("{9A19103F-16F7-4668-BE54-9A1E7A4F7556}") = "EssentialTrainingApp", "EssentialTrainingApp\EssentialTrainingApp.csproj", "{2FCE4922-89CE-42EB-8735-D41D532D3E8E}"
EndProject
Global
	GlobalSection(SolutionConfigurationPlatforms) = preSolution
		Debug|Any CPU = Debug|Any CPU
		Release|Any CPU = Release|Any CPU
	EndGlobalSection
	GlobalSection(ProjectConfigurationPlatforms) = postSolution
		{2944137C-FA91-4ECD-B846-87B37CBCC198}.Debug|Any CPU.ActiveCfg = Debug|Any CPU
		{2944137C-FA91-4ECD-B846-87B37CBCC198}.Debug|Any CPU.Build.0 = Debug|Any CPU
		{2944137C-FA91-4ECD-B846-87B37CBCC198}.Release|Any CPU.ActiveCfg = Release|Any CPU
		{2944137C-FA91-4ECD-B846-87B37CBCC198}.Release|Any CPU.Build.0 = Release|Any CPU
		{FA9D4F3F-85F3-4CD9-86B6-93AC0C041D77}.Debug|Any CPU.ActiveCfg = Debug|Any CPU
		{FA9D4F3F-85F3-4CD9-86B6-93AC0C041D77}.Debug|Any CPU.Build.0 = Debug|Any CPU
		{FA9D4F3F-85F3-4CD9-86B6-93AC0C041D77}.Release|Any CPU.ActiveCfg = Release|Any CPU
		{FA9D4F3F-85F3-4CD9-86B6-93AC0C041D77}.Release|Any CPU.Build.0 = Release|Any CPU
		{2FCE4922-89CE-42EB-8735-D41D532D3E8E}.Debug|Any CPU.ActiveCfg = Debug|Any CPU
		{2FCE4922-89CE-42EB-8735-D41D532D3E8E}.Debug|Any CPU.Build.0 = Debug|Any CPU
		{2FCE4922-89CE-42EB-8735-D41D532D3E8E}.Release|Any CPU.ActiveCfg = Release|Any CPU
		{2FCE4922-89CE-42EB-8735-D41D532D3E8E}.Release|Any CPU.Build.0 = Release|Any CPU
	EndGlobalSection
	GlobalSection(SolutionProperties) = preSolution
		HideSolutionNode = FALSE
	EndGlobalSection
	GlobalSection(ExtensibilityGlobals) = postSolution
		SolutionGuid = {8E99E5EF-BF60-4EA7-998F-1056A648186C}
	EndGlobalSection
EndGlobal
